// !$*UTF8*$!
{
	archiveVersion = 1;
	classes = {
	};
	objectVersion = 56;
	objects = {

/* Begin PBXBuildFile section */
		38036F502A5F240600EAF990 /* YapeChallengeApp.swift in Sources */ = {isa = PBXBuildFile; fileRef = 38036F4F2A5F240600EAF990 /* YapeChallengeApp.swift */; };
		38036F522A5F240600EAF990 /* ContentView.swift in Sources */ = {isa = PBXBuildFile; fileRef = 38036F512A5F240600EAF990 /* ContentView.swift */; };
		38036F542A5F240600EAF990 /* Assets.xcassets in Resources */ = {isa = PBXBuildFile; fileRef = 38036F532A5F240600EAF990 /* Assets.xcassets */; };
		38036F572A5F240600EAF990 /* Preview Assets.xcassets in Resources */ = {isa = PBXBuildFile; fileRef = 38036F562A5F240600EAF990 /* Preview Assets.xcassets */; };
		38036F612A5F240600EAF990 /* YapeChallengeTests.swift in Sources */ = {isa = PBXBuildFile; fileRef = 38036F602A5F240600EAF990 /* YapeChallengeTests.swift */; };
		38036F6B2A5F240600EAF990 /* YapeChallengeUITests.swift in Sources */ = {isa = PBXBuildFile; fileRef = 38036F6A2A5F240600EAF990 /* YapeChallengeUITests.swift */; };
		38036F6D2A5F240600EAF990 /* YapeChallengeUITestsLaunchTests.swift in Sources */ = {isa = PBXBuildFile; fileRef = 38036F6C2A5F240600EAF990 /* YapeChallengeUITestsLaunchTests.swift */; };
/* End PBXBuildFile section */

/* Begin PBXContainerItemProxy section */
		38036F5D2A5F240600EAF990 /* PBXContainerItemProxy */ = {
			isa = PBXContainerItemProxy;
			containerPortal = 38036F442A5F240600EAF990 /* Project object */;
			proxyType = 1;
			remoteGlobalIDString = 38036F4B2A5F240600EAF990;
			remoteInfo = YapeChallenge;
		};
		38036F672A5F240600EAF990 /* PBXContainerItemProxy */ = {
			isa = PBXContainerItemProxy;
			containerPortal = 38036F442A5F240600EAF990 /* Project object */;
			proxyType = 1;
			remoteGlobalIDString = 38036F4B2A5F240600EAF990;
			remoteInfo = YapeChallenge;
		};
/* End PBXContainerItemProxy section */

/* Begin PBXFileReference section */
		38036F4C2A5F240600EAF990 /* YapeChallenge.app */ = {isa = PBXFileReference; explicitFileType = wrapper.application; includeInIndex = 0; path = YapeChallenge.app; sourceTree = BUILT_PRODUCTS_DIR; };
		38036F4F2A5F240600EAF990 /* YapeChallengeApp.swift */ = {isa = PBXFileReference; lastKnownFileType = sourcecode.swift; path = YapeChallengeApp.swift; sourceTree = "<group>"; };
		38036F512A5F240600EAF990 /* ContentView.swift */ = {isa = PBXFileReference; lastKnownFileType = sourcecode.swift; path = ContentView.swift; sourceTree = "<group>"; };
		38036F532A5F240600EAF990 /* Assets.xcassets */ = {isa = PBXFileReference; lastKnownFileType = folder.assetcatalog; path = Assets.xcassets; sourceTree = "<group>"; };
		38036F562A5F240600EAF990 /* Preview Assets.xcassets */ = {isa = PBXFileReference; lastKnownFileType = folder.assetcatalog; path = "Preview Assets.xcassets"; sourceTree = "<group>"; };
		38036F5C2A5F240600EAF990 /* YapeChallengeTests.xctest */ = {isa = PBXFileReference; explicitFileType = wrapper.cfbundle; includeInIndex = 0; path = YapeChallengeTests.xctest; sourceTree = BUILT_PRODUCTS_DIR; };
		38036F602A5F240600EAF990 /* YapeChallengeTests.swift */ = {isa = PBXFileReference; lastKnownFileType = sourcecode.swift; path = YapeChallengeTests.swift; sourceTree = "<group>"; };
		38036F662A5F240600EAF990 /* YapeChallengeUITests.xctest */ = {isa = PBXFileReference; explicitFileType = wrapper.cfbundle; includeInIndex = 0; path = YapeChallengeUITests.xctest; sourceTree = BUILT_PRODUCTS_DIR; };
		38036F6A2A5F240600EAF990 /* YapeChallengeUITests.swift */ = {isa = PBXFileReference; lastKnownFileType = sourcecode.swift; path = YapeChallengeUITests.swift; sourceTree = "<group>"; };
		38036F6C2A5F240600EAF990 /* YapeChallengeUITestsLaunchTests.swift */ = {isa = PBXFileReference; lastKnownFileType = sourcecode.swift; path = YapeChallengeUITestsLaunchTests.swift; sourceTree = "<group>"; };
/* End PBXFileReference section */

/* Begin PBXFrameworksBuildPhase section */
		38036F492A5F240600EAF990 /* Frameworks */ = {
			isa = PBXFrameworksBuildPhase;
			buildActionMask = 2147483647;
			files = (
			);
			runOnlyForDeploymentPostprocessing = 0;
		};
		38036F592A5F240600EAF990 /* Frameworks */ = {
			isa = PBXFrameworksBuildPhase;
			buildActionMask = 2147483647;
			files = (
			);
			runOnlyForDeploymentPostprocessing = 0;
		};
		38036F632A5F240600EAF990 /* Frameworks */ = {
			isa = PBXFrameworksBuildPhase;
			buildActionMask = 2147483647;
			files = (
			);
			runOnlyForDeploymentPostprocessing = 0;
		};
/* End PBXFrameworksBuildPhase section */

/* Begin PBXGroup section */
		38036F432A5F240600EAF990 = {
			isa = PBXGroup;
			children = (
				38036F4E2A5F240600EAF990 /* YapeChallenge */,
				38036F5F2A5F240600EAF990 /* YapeChallengeTests */,
				38036F692A5F240600EAF990 /* YapeChallengeUITests */,
				38036F4D2A5F240600EAF990 /* Products */,
			);
			sourceTree = "<group>";
		};
		38036F4D2A5F240600EAF990 /* Products */ = {
			isa = PBXGroup;
			children = (
				38036F4C2A5F240600EAF990 /* YapeChallenge.app */,
				38036F5C2A5F240600EAF990 /* YapeChallengeTests.xctest */,
				38036F662A5F240600EAF990 /* YapeChallengeUITests.xctest */,
			);
			name = Products;
			sourceTree = "<group>";
		};
		38036F4E2A5F240600EAF990 /* YapeChallenge */ = {
			isa = PBXGroup;
			children = (
				38036F4F2A5F240600EAF990 /* YapeChallengeApp.swift */,
				38036F512A5F240600EAF990 /* ContentView.swift */,
				38036F532A5F240600EAF990 /* Assets.xcassets */,
				38036F552A5F240600EAF990 /* Preview Content */,
			);
			path = YapeChallenge;
			sourceTree = "<group>";
		};
		38036F552A5F240600EAF990 /* Preview Content */ = {
			isa = PBXGroup;
			children = (
				38036F562A5F240600EAF990 /* Preview Assets.xcassets */,
			);
			path = "Preview Content";
			sourceTree = "<group>";
		};
		38036F5F2A5F240600EAF990 /* YapeChallengeTests */ = {
			isa = PBXGroup;
			children = (
				38036F602A5F240600EAF990 /* YapeChallengeTests.swift */,
			);
			path = YapeChallengeTests;
			sourceTree = "<group>";
		};
		38036F692A5F240600EAF990 /* YapeChallengeUITests */ = {
			isa = PBXGroup;
			children = (
				38036F6A2A5F240600EAF990 /* YapeChallengeUITests.swift */,
				38036F6C2A5F240600EAF990 /* YapeChallengeUITestsLaunchTests.swift */,
			);
			path = YapeChallengeUITests;
			sourceTree = "<group>";
		};
/* End PBXGroup section */

/* Begin PBXNativeTarget section */
		38036F4B2A5F240600EAF990 /* YapeChallenge */ = {
			isa = PBXNativeTarget;
			buildConfigurationList = 38036F702A5F240600EAF990 /* Build configuration list for PBXNativeTarget "YapeChallenge" */;
			buildPhases = (
				38036F482A5F240600EAF990 /* Sources */,
				38036F492A5F240600EAF990 /* Frameworks */,
				38036F4A2A5F240600EAF990 /* Resources */,
			);
			buildRules = (
			);
			dependencies = (
			);
			name = YapeChallenge;
			productName = YapeChallenge;
			productReference = 38036F4C2A5F240600EAF990 /* YapeChallenge.app */;
			productType = "com.apple.product-type.application";
		};
		38036F5B2A5F240600EAF990 /* YapeChallengeTests */ = {
			isa = PBXNativeTarget;
			buildConfigurationList = 38036F732A5F240600EAF990 /* Build configuration list for PBXNativeTarget "YapeChallengeTests" */;
			buildPhases = (
				38036F582A5F240600EAF990 /* Sources */,
				38036F592A5F240600EAF990 /* Frameworks */,
				38036F5A2A5F240600EAF990 /* Resources */,
			);
			buildRules = (
			);
			dependencies = (
				38036F5E2A5F240600EAF990 /* PBXTargetDependency */,
			);
			name = YapeChallengeTests;
			productName = YapeChallengeTests;
			productReference = 38036F5C2A5F240600EAF990 /* YapeChallengeTests.xctest */;
			productType = "com.apple.product-type.bundle.unit-test";
		};
		38036F652A5F240600EAF990 /* YapeChallengeUITests */ = {
			isa = PBXNativeTarget;
			buildConfigurationList = 38036F762A5F240600EAF990 /* Build configuration list for PBXNativeTarget "YapeChallengeUITests" */;
			buildPhases = (
				38036F622A5F240600EAF990 /* Sources */,
				38036F632A5F240600EAF990 /* Frameworks */,
				38036F642A5F240600EAF990 /* Resources */,
			);
			buildRules = (
			);
			dependencies = (
				38036F682A5F240600EAF990 /* PBXTargetDependency */,
			);
			name = YapeChallengeUITests;
			productName = YapeChallengeUITests;
			productReference = 38036F662A5F240600EAF990 /* YapeChallengeUITests.xctest */;
			productType = "com.apple.product-type.bundle.ui-testing";
		};
/* End PBXNativeTarget section */

/* Begin PBXProject section */
		38036F442A5F240600EAF990 /* Project object */ = {
			isa = PBXProject;
			attributes = {
				BuildIndependentTargetsInParallel = 1;
				LastSwiftUpdateCheck = 1430;
				LastUpgradeCheck = 1430;
				TargetAttributes = {
					38036F4B2A5F240600EAF990 = {
						CreatedOnToolsVersion = 14.3.1;
					};
					38036F5B2A5F240600EAF990 = {
						CreatedOnToolsVersion = 14.3.1;
						TestTargetID = 38036F4B2A5F240600EAF990;
					};
					38036F652A5F240600EAF990 = {
						CreatedOnToolsVersion = 14.3.1;
						TestTargetID = 38036F4B2A5F240600EAF990;
					};
				};
			};
			buildConfigurationList = 38036F472A5F240600EAF990 /* Build configuration list for PBXProject "YapeChallenge" */;
			compatibilityVersion = "Xcode 14.0";
			developmentRegion = en;
			hasScannedForEncodings = 0;
			knownRegions = (
				en,
				Base,
			);
			mainGroup = 38036F432A5F240600EAF990;
			productRefGroup = 38036F4D2A5F240600EAF990 /* Products */;
			projectDirPath = "";
			projectRoot = "";
			targets = (
				38036F4B2A5F240600EAF990 /* YapeChallenge */,
				38036F5B2A5F240600EAF990 /* YapeChallengeTests */,
				38036F652A5F240600EAF990 /* YapeChallengeUITests */,
			);
		};
/* End PBXProject section */

/* Begin PBXResourcesBuildPhase section */
		38036F4A2A5F240600EAF990 /* Resources */ = {
			isa = PBXResourcesBuildPhase;
			buildActionMask = 2147483647;
			files = (
				38036F572A5F240600EAF990 /* Preview Assets.xcassets in Resources */,
				38036F542A5F240600EAF990 /* Assets.xcassets in Resources */,
			);
			runOnlyForDeploymentPostprocessing = 0;
		};
		38036F5A2A5F240600EAF990 /* Resources */ = {
			isa = PBXResourcesBuildPhase;
			buildActionMask = 2147483647;
			files = (
			);
			runOnlyForDeploymentPostprocessing = 0;
		};
		38036F642A5F240600EAF990 /* Resources */ = {
			isa = PBXResourcesBuildPhase;
			buildActionMask = 2147483647;
			files = (
			);
			runOnlyForDeploymentPostprocessing = 0;
		};
/* End PBXResourcesBuildPhase section */

/* Begin PBXSourcesBuildPhase section */
		38036F482A5F240600EAF990 /* Sources */ = {
			isa = PBXSourcesBuildPhase;
			buildActionMask = 2147483647;
			files = (
				38036F522A5F240600EAF990 /* ContentView.swift in Sources */,
				38036F502A5F240600EAF990 /* YapeChallengeApp.swift in Sources */,
			);
			runOnlyForDeploymentPostprocessing = 0;
		};
		38036F582A5F240600EAF990 /* Sources */ = {
			isa = PBXSourcesBuildPhase;
			buildActionMask = 2147483647;
			files = (
				38036F612A5F240600EAF990 /* YapeChallengeTests.swift in Sources */,
			);
			runOnlyForDeploymentPostprocessing = 0;
		};
		38036F622A5F240600EAF990 /* Sources */ = {
			isa = PBXSourcesBuildPhase;
			buildActionMask = 2147483647;
			files = (
				38036F6B2A5F240600EAF990 /* YapeChallengeUITests.swift in Sources */,
				38036F6D2A5F240600EAF990 /* YapeChallengeUITestsLaunchTests.swift in Sources */,
			);
			runOnlyForDeploymentPostprocessing = 0;
		};
/* End PBXSourcesBuildPhase section */

/* Begin PBXTargetDependency section */
		38036F5E2A5F240600EAF990 /* PBXTargetDependency */ = {
			isa = PBXTargetDependency;
			target = 38036F4B2A5F240600EAF990 /* YapeChallenge */;
			targetProxy = 38036F5D2A5F240600EAF990 /* PBXContainerItemProxy */;
		};
		38036F682A5F240600EAF990 /* PBXTargetDependency */ = {
			isa = PBXTargetDependency;
			target = 38036F4B2A5F240600EAF990 /* YapeChallenge */;
			targetProxy = 38036F672A5F240600EAF990 /* PBXContainerItemProxy */;
		};
/* End PBXTargetDependency section */

/* Begin XCBuildConfiguration section */
		38036F6E2A5F240600EAF990 /* Debug */ = {
			isa = XCBuildConfiguration;
			buildSettings = {
				ALWAYS_SEARCH_USER_PATHS = NO;
				CLANG_ANALYZER_NONNULL = YES;
				CLANG_ANALYZER_NUMBER_OBJECT_CONVERSION = YES_AGGRESSIVE;
				CLANG_CXX_LANGUAGE_STANDARD = "gnu++20";
				CLANG_ENABLE_MODULES = YES;
				CLANG_ENABLE_OBJC_ARC = YES;
				CLANG_ENABLE_OBJC_WEAK = YES;
				CLANG_WARN_BLOCK_CAPTURE_AUTORELEASING = YES;
				CLANG_WARN_BOOL_CONVERSION = YES;
				CLANG_WARN_COMMA = YES;
				CLANG_WARN_CONSTANT_CONVERSION = YES;
				CLANG_WARN_DEPRECATED_OBJC_IMPLEMENTATIONS = YES;
				CLANG_WARN_DIRECT_OBJC_ISA_USAGE = YES_ERROR;
				CLANG_WARN_DOCUMENTATION_COMMENTS = YES;
				CLANG_WARN_EMPTY_BODY = YES;
				CLANG_WARN_ENUM_CONVERSION = YES;
				CLANG_WARN_INFINITE_RECURSION = YES;
				CLANG_WARN_INT_CONVERSION = YES;
				CLANG_WARN_NON_LITERAL_NULL_CONVERSION = YES;
				CLANG_WARN_OBJC_IMPLICIT_RETAIN_SELF = YES;
				CLANG_WARN_OBJC_LITERAL_CONVERSION = YES;
				CLANG_WARN_OBJC_ROOT_CLASS = YES_ERROR;
				CLANG_WARN_QUOTED_INCLUDE_IN_FRAMEWORK_HEADER = YES;
				CLANG_WARN_RANGE_LOOP_ANALYSIS = YES;
				CLANG_WARN_STRICT_PROTOTYPES = YES;
				CLANG_WARN_SUSPICIOUS_MOVE = YES;
				CLANG_WARN_UNGUARDED_AVAILABILITY = YES_AGGRESSIVE;
				CLANG_WARN_UNREACHABLE_CODE = YES;
				CLANG_WARN__DUPLICATE_METHOD_MATCH = YES;
				COPY_PHASE_STRIP = NO;
				DEBUG_INFORMATION_FORMAT = dwarf;
				ENABLE_STRICT_OBJC_MSGSEND = YES;
				ENABLE_TESTABILITY = YES;
				GCC_C_LANGUAGE_STANDARD = gnu11;
				GCC_DYNAMIC_NO_PIC = NO;
				GCC_NO_COMMON_BLOCKS = YES;
				GCC_OPTIMIZATION_LEVEL = 0;
				GCC_PREPROCESSOR_DEFINITIONS = (
					"DEBUG=1",
					"$(inherited)",
				);
				GCC_WARN_64_TO_32_BIT_CONVERSION = YES;
				GCC_WARN_ABOUT_RETURN_TYPE = YES_ERROR;
				GCC_WARN_UNDECLARED_SELECTOR = YES;
				GCC_WARN_UNINITIALIZED_AUTOS = YES_AGGRESSIVE;
				GCC_WARN_UNUSED_FUNCTION = YES;
				GCC_WARN_UNUSED_VARIABLE = YES;
				IPHONEOS_DEPLOYMENT_TARGET = 16.4;
				MTL_ENABLE_DEBUG_INFO = INCLUDE_SOURCE;
				MTL_FAST_MATH = YES;
				ONLY_ACTIVE_ARCH = YES;
				SDKROOT = iphoneos;
				SWIFT_ACTIVE_COMPILATION_CONDITIONS = DEBUG;
				SWIFT_OPTIMIZATION_LEVEL = "-Onone";
			};
			name = Debug;
		};
		38036F6F2A5F240600EAF990 /* Release */ = {
			isa = XCBuildConfiguration;
			buildSettings = {
				ALWAYS_SEARCH_USER_PATHS = NO;
				CLANG_ANALYZER_NONNULL = YES;
				CLANG_ANALYZER_NUMBER_OBJECT_CONVERSION = YES_AGGRESSIVE;
				CLANG_CXX_LANGUAGE_STANDARD = "gnu++20";
				CLANG_ENABLE_MODULES = YES;
				CLANG_ENABLE_OBJC_ARC = YES;
				CLANG_ENABLE_OBJC_WEAK = YES;
				CLANG_WARN_BLOCK_CAPTURE_AUTORELEASING = YES;
				CLANG_WARN_BOOL_CONVERSION = YES;
				CLANG_WARN_COMMA = YES;
				CLANG_WARN_CONSTANT_CONVERSION = YES;
				CLANG_WARN_DEPRECATED_OBJC_IMPLEMENTATIONS = YES;
				CLANG_WARN_DIRECT_OBJC_ISA_USAGE = YES_ERROR;
				CLANG_WARN_DOCUMENTATION_COMMENTS = YES;
				CLANG_WARN_EMPTY_BODY = YES;
				CLANG_WARN_ENUM_CONVERSION = YES;
				CLANG_WARN_INFINITE_RECURSION = YES;
				CLANG_WARN_INT_CONVERSION = YES;
				CLANG_WARN_NON_LITERAL_NULL_CONVERSION = YES;
				CLANG_WARN_OBJC_IMPLICIT_RETAIN_SELF = YES;
				CLANG_WARN_OBJC_LITERAL_CONVERSION = YES;
				CLANG_WARN_OBJC_ROOT_CLASS = YES_ERROR;
				CLANG_WARN_QUOTED_INCLUDE_IN_FRAMEWORK_HEADER = YES;
				CLANG_WARN_RANGE_LOOP_ANALYSIS = YES;
				CLANG_WARN_STRICT_PROTOTYPES = YES;
				CLANG_WARN_SUSPICIOUS_MOVE = YES;
				CLANG_WARN_UNGUARDED_AVAILABILITY = YES_AGGRESSIVE;
				CLANG_WARN_UNREACHABLE_CODE = YES;
				CLANG_WARN__DUPLICATE_METHOD_MATCH = YES;
				COPY_PHASE_STRIP = NO;
				DEBUG_INFORMATION_FORMAT = "dwarf-with-dsym";
				ENABLE_NS_ASSERTIONS = NO;
				ENABLE_STRICT_OBJC_MSGSEND = YES;
				GCC_C_LANGUAGE_STANDARD = gnu11;
				GCC_NO_COMMON_BLOCKS = YES;
				GCC_WARN_64_TO_32_BIT_CONVERSION = YES;
				GCC_WARN_ABOUT_RETURN_TYPE = YES_ERROR;
				GCC_WARN_UNDECLARED_SELECTOR = YES;
				GCC_WARN_UNINITIALIZED_AUTOS = YES_AGGRESSIVE;
				GCC_WARN_UNUSED_FUNCTION = YES;
				GCC_WARN_UNUSED_VARIABLE = YES;
				IPHONEOS_DEPLOYMENT_TARGET = 16.4;
				MTL_ENABLE_DEBUG_INFO = NO;
				MTL_FAST_MATH = YES;
				SDKROOT = iphoneos;
				SWIFT_COMPILATION_MODE = wholemodule;
				SWIFT_OPTIMIZATION_LEVEL = "-O";
				VALIDATE_PRODUCT = YES;
			};
			name = Release;
		};
		38036F712A5F240600EAF990 /* Debug */ = {
			isa = XCBuildConfiguration;
			buildSettings = {
				ASSETCATALOG_COMPILER_APPICON_NAME = AppIcon;
				ASSETCATALOG_COMPILER_GLOBAL_ACCENT_COLOR_NAME = AccentColor;
				CODE_SIGN_STYLE = Automatic;
				CURRENT_PROJECT_VERSION = 1;
				DEVELOPMENT_ASSET_PATHS = "\"YapeChallenge/Preview Content\"";
				ENABLE_PREVIEWS = YES;
				GENERATE_INFOPLIST_FILE = YES;
				INFOPLIST_KEY_UIApplicationSceneManifest_Generation = YES;
				INFOPLIST_KEY_UIApplicationSupportsIndirectInputEvents = YES;
				INFOPLIST_KEY_UILaunchScreen_Generation = YES;
				INFOPLIST_KEY_UISupportedInterfaceOrientations_iPad = "UIInterfaceOrientationPortrait UIInterfaceOrientationPortraitUpsideDown UIInterfaceOrientationLandscapeLeft UIInterfaceOrientationLandscapeRight";
				INFOPLIST_KEY_UISupportedInterfaceOrientations_iPhone = "UIInterfaceOrientationPortrait UIInterfaceOrientationLandscapeLeft UIInterfaceOrientationLandscapeRight";
				LD_RUNPATH_SEARCH_PATHS = (
					"$(inherited)",
					"@executable_path/Frameworks",
				);
				MARKETING_VERSION = 1.0;
				PRODUCT_BUNDLE_IDENTIFIER = test.YapeChallenge;
				PRODUCT_NAME = "$(TARGET_NAME)";
				SWIFT_EMIT_LOC_STRINGS = YES;
				SWIFT_VERSION = 5.0;
				TARGETED_DEVICE_FAMILY = "1,2";
			};
			name = Debug;
		};
		38036F722A5F240600EAF990 /* Release */ = {
			isa = XCBuildConfiguration;
			buildSettings = {
				ASSETCATALOG_COMPILER_APPICON_NAME = AppIcon;
				ASSETCATALOG_COMPILER_GLOBAL_ACCENT_COLOR_NAME = AccentColor;
				CODE_SIGN_STYLE = Automatic;
				CURRENT_PROJECT_VERSION = 1;
				DEVELOPMENT_ASSET_PATHS = "\"YapeChallenge/Preview Content\"";
				ENABLE_PREVIEWS = YES;
				GENERATE_INFOPLIST_FILE = YES;
				INFOPLIST_KEY_UIApplicationSceneManifest_Generation = YES;
				INFOPLIST_KEY_UIApplicationSupportsIndirectInputEvents = YES;
				INFOPLIST_KEY_UILaunchScreen_Generation = YES;
				INFOPLIST_KEY_UISupportedInterfaceOrientations_iPad = "UIInterfaceOrientationPortrait UIInterfaceOrientationPortraitUpsideDown UIInterfaceOrientationLandscapeLeft UIInterfaceOrientationLandscapeRight";
				INFOPLIST_KEY_UISupportedInterfaceOrientations_iPhone = "UIInterfaceOrientationPortrait UIInterfaceOrientationLandscapeLeft UIInterfaceOrientationLandscapeRight";
				LD_RUNPATH_SEARCH_PATHS = (
					"$(inherited)",
					"@executable_path/Frameworks",
				);
				MARKETING_VERSION = 1.0;
				PRODUCT_BUNDLE_IDENTIFIER = test.YapeChallenge;
				PRODUCT_NAME = "$(TARGET_NAME)";
				SWIFT_EMIT_LOC_STRINGS = YES;
				SWIFT_VERSION = 5.0;
				TARGETED_DEVICE_FAMILY = "1,2";
			};
			name = Release;
		};
		38036F742A5F240600EAF990 /* Debug */ = {
			isa = XCBuildConfiguration;
			buildSettings = {
				ALWAYS_EMBED_SWIFT_STANDARD_LIBRARIES = YES;
				BUNDLE_LOADER = "$(TEST_HOST)";
				CODE_SIGN_STYLE = Automatic;
				CURRENT_PROJECT_VERSION = 1;
				GENERATE_INFOPLIST_FILE = YES;
				IPHONEOS_DEPLOYMENT_TARGET = 16.4;
				MARKETING_VERSION = 1.0;
				PRODUCT_BUNDLE_IDENTIFIER = test.YapeChallengeTests;
				PRODUCT_NAME = "$(TARGET_NAME)";
				SWIFT_EMIT_LOC_STRINGS = NO;
				SWIFT_VERSION = 5.0;
				TARGETED_DEVICE_FAMILY = "1,2";
				TEST_HOST = "$(BUILT_PRODUCTS_DIR)/YapeChallenge.app/$(BUNDLE_EXECUTABLE_FOLDER_PATH)/YapeChallenge";
			};
			name = Debug;
		};
		38036F752A5F240600EAF990 /* Release */ = {
			isa = XCBuildConfiguration;
			buildSettings = {
				ALWAYS_EMBED_SWIFT_STANDARD_LIBRARIES = YES;
				BUNDLE_LOADER = "$(TEST_HOST)";
				CODE_SIGN_STYLE = Automatic;
				CURRENT_PROJECT_VERSION = 1;
				GENERATE_INFOPLIST_FILE = YES;
				IPHONEOS_DEPLOYMENT_TARGET = 16.4;
				MARKETING_VERSION = 1.0;
				PRODUCT_BUNDLE_IDENTIFIER = test.YapeChallengeTests;
				PRODUCT_NAME = "$(TARGET_NAME)";
				SWIFT_EMIT_LOC_STRINGS = NO;
				SWIFT_VERSION = 5.0;
				TARGETED_DEVICE_FAMILY = "1,2";
				TEST_HOST = "$(BUILT_PRODUCTS_DIR)/YapeChallenge.app/$(BUNDLE_EXECUTABLE_FOLDER_PATH)/YapeChallenge";
			};
			name = Release;
		};
		38036F772A5F240600EAF990 /* Debug */ = {
			isa = XCBuildConfiguration;
			buildSettings = {
				ALWAYS_EMBED_SWIFT_STANDARD_LIBRARIES = YES;
				CODE_SIGN_STYLE = Automatic;
				CURRENT_PROJECT_VERSION = 1;
				GENERATE_INFOPLIST_FILE = YES;
				MARKETING_VERSION = 1.0;
				PRODUCT_BUNDLE_IDENTIFIER = test.YapeChallengeUITests;
				PRODUCT_NAME = "$(TARGET_NAME)";
				SWIFT_EMIT_LOC_STRINGS = NO;
				SWIFT_VERSION = 5.0;
				TARGETED_DEVICE_FAMILY = "1,2";
				TEST_TARGET_NAME = YapeChallenge;
			};
			name = Debug;
		};
		38036F782A5F240600EAF990 /* Release */ = {
			isa = XCBuildConfiguration;
			buildSettings = {
				ALWAYS_EMBED_SWIFT_STANDARD_LIBRARIES = YES;
				CODE_SIGN_STYLE = Automatic;
				CURRENT_PROJECT_VERSION = 1;
				GENERATE_INFOPLIST_FILE = YES;
				MARKETING_VERSION = 1.0;
				PRODUCT_BUNDLE_IDENTIFIER = test.YapeChallengeUITests;
				PRODUCT_NAME = "$(TARGET_NAME)";
				SWIFT_EMIT_LOC_STRINGS = NO;
				SWIFT_VERSION = 5.0;
				TARGETED_DEVICE_FAMILY = "1,2";
				TEST_TARGET_NAME = YapeChallenge;
			};
			name = Release;
		};
/* End XCBuildConfiguration section */

/* Begin XCConfigurationList section */
		38036F472A5F240600EAF990 /* Build configuration list for PBXProject "YapeChallenge" */ = {
			isa = XCConfigurationList;
			buildConfigurations = (
				38036F6E2A5F240600EAF990 /* Debug */,
				38036F6F2A5F240600EAF990 /* Release */,
			);
			defaultConfigurationIsVisible = 0;
			defaultConfigurationName = Release;
		};
		38036F702A5F240600EAF990 /* Build configuration list for PBXNativeTarget "YapeChallenge" */ = {
			isa = XCConfigurationList;
			buildConfigurations = (
				38036F712A5F240600EAF990 /* Debug */,
				38036F722A5F240600EAF990 /* Release */,
			);
			defaultConfigurationIsVisible = 0;
			defaultConfigurationName = Release;
		};
		38036F732A5F240600EAF990 /* Build configuration list for PBXNativeTarget "YapeChallengeTests" */ = {
			isa = XCConfigurationList;
			buildConfigurations = (
				38036F742A5F240600EAF990 /* Debug */,
				38036F752A5F240600EAF990 /* Release */,
			);
			defaultConfigurationIsVisible = 0;
			defaultConfigurationName = Release;
		};
		38036F762A5F240600EAF990 /* Build configuration list for PBXNativeTarget "YapeChallengeUITests" */ = {
			isa = XCConfigurationList;
			buildConfigurations = (
				38036F772A5F240600EAF990 /* Debug */,
				38036F782A5F240600EAF990 /* Release */,
			);
			defaultConfigurationIsVisible = 0;
			defaultConfigurationName = Release;
		};
/* End XCConfigurationList section */
	};
	rootObject = 38036F442A5F240600EAF990 /* Project object */;
}
