// !$*UTF8*$!
{
	archiveVersion = 1;
	classes = {
	};
	objectVersion = 56;
	objects = {

/* Begin PBXBuildFile section */
		38036F502A5F240600EAF990 /* YapeChallengeApp.swift in Sources */ = {isa = PBXBuildFile; fileRef = 38036F4F2A5F240600EAF990 /* YapeChallengeApp.swift */; };
		38036F542A5F240600EAF990 /* Assets.xcassets in Resources */ = {isa = PBXBuildFile; fileRef = 38036F532A5F240600EAF990 /* Assets.xcassets */; };
		38036F572A5F240600EAF990 /* Preview Assets.xcassets in Resources */ = {isa = PBXBuildFile; fileRef = 38036F562A5F240600EAF990 /* Preview Assets.xcassets */; };
		38036F6B2A5F240600EAF990 /* YapeChallengeUITests.swift in Sources */ = {isa = PBXBuildFile; fileRef = 38036F6A2A5F240600EAF990 /* YapeChallengeUITests.swift */; };
		38036F6D2A5F240600EAF990 /* YapeChallengeUITestsLaunchTests.swift in Sources */ = {isa = PBXBuildFile; fileRef = 38036F6C2A5F240600EAF990 /* YapeChallengeUITestsLaunchTests.swift */; };
		38036F802A60362B00EAF990 /* NetworkManager.swift in Sources */ = {isa = PBXBuildFile; fileRef = 38036F7E2A60362A00EAF990 /* NetworkManager.swift */; };
		38036F812A60362B00EAF990 /* ApiPath.swift in Sources */ = {isa = PBXBuildFile; fileRef = 38036F7F2A60362B00EAF990 /* ApiPath.swift */; };
		38036F832A60369A00EAF990 /* Constants.swift in Sources */ = {isa = PBXBuildFile; fileRef = 38036F822A60369A00EAF990 /* Constants.swift */; };
		38036F852A6036C900EAF990 /* HomeView.swift in Sources */ = {isa = PBXBuildFile; fileRef = 38036F842A6036C900EAF990 /* HomeView.swift */; };
		38036F872A6036F400EAF990 /* HomeViewModel.swift in Sources */ = {isa = PBXBuildFile; fileRef = 38036F862A6036F400EAF990 /* HomeViewModel.swift */; };
		38036F8A2A6038D500EAF990 /* RecipeItem.swift in Sources */ = {isa = PBXBuildFile; fileRef = 38036F892A6038D500EAF990 /* RecipeItem.swift */; };
		38036F8C2A6056DE00EAF990 /* DetailView.swift in Sources */ = {isa = PBXBuildFile; fileRef = 38036F8B2A6056DE00EAF990 /* DetailView.swift */; };
		38036F8E2A60DB3B00EAF990 /* MapView.swift in Sources */ = {isa = PBXBuildFile; fileRef = 38036F8D2A60DB3B00EAF990 /* MapView.swift */; };
		38036F902A60DEC500EAF990 /* DetailViewModel.swift in Sources */ = {isa = PBXBuildFile; fileRef = 38036F8F2A60DEC500EAF990 /* DetailViewModel.swift */; };
		38036F922A60E0F600EAF990 /* ImagesResponse.swift in Sources */ = {isa = PBXBuildFile; fileRef = 38036F912A60E0F600EAF990 /* ImagesResponse.swift */; };
		38036F952A60F03900EAF990 /* capitals.json in Resources */ = {isa = PBXBuildFile; fileRef = 38036F942A60F03900EAF990 /* capitals.json */; };
		38036F972A60F06400EAF990 /* GeoCapitals.swift in Sources */ = {isa = PBXBuildFile; fileRef = 38036F962A60F06400EAF990 /* GeoCapitals.swift */; };
		38036F992A60F3E400EAF990 /* JsonHelper.swift in Sources */ = {isa = PBXBuildFile; fileRef = 38036F982A60F3E400EAF990 /* JsonHelper.swift */; };
		38036F9B2A60F42A00EAF990 /* MapViewModel.swift in Sources */ = {isa = PBXBuildFile; fileRef = 38036F9A2A60F42A00EAF990 /* MapViewModel.swift */; };
		38036F9E2A60F74700EAF990 /* CustomMapView.swift in Sources */ = {isa = PBXBuildFile; fileRef = 38036F9D2A60F74700EAF990 /* CustomMapView.swift */; };
		38036FA02A6195DE00EAF990 /* Launch Screen.storyboard in Resources */ = {isa = PBXBuildFile; fileRef = 38036F9F2A6195DE00EAF990 /* Launch Screen.storyboard */; };
		38036FA22A61A9BB00EAF990 /* RecipeListTest.swift in Sources */ = {isa = PBXBuildFile; fileRef = 38036FA12A61A9BB00EAF990 /* RecipeListTest.swift */; };
		38B4CB282A61B31200325B4C /* RecipeDetailTest.swift in Sources */ = {isa = PBXBuildFile; fileRef = 38B4CB272A61B31200325B4C /* RecipeDetailTest.swift */; };
		6B80B254916620130A7CD9AA /* Pods_YapeChallenge_YapeChallengeUITests.framework in Frameworks */ = {isa = PBXBuildFile; fileRef = DF6A5E918237235CC5492459 /* Pods_YapeChallenge_YapeChallengeUITests.framework */; };
		93637DB5691F65131897FDD2 /* Pods_YapeChallengeTests.framework in Frameworks */ = {isa = PBXBuildFile; fileRef = 57728C9C18F409A2AE228859 /* Pods_YapeChallengeTests.framework */; };
		ADAEF98C056646DD30972001 /* Pods_YapeChallenge.framework in Frameworks */ = {isa = PBXBuildFile; fileRef = 797E22DE059BC599559666E1 /* Pods_YapeChallenge.framework */; };
/* End PBXBuildFile section */

/* Begin PBXContainerItemProxy section */
		38036F5D2A5F240600EAF990 /* PBXContainerItemProxy */ = {
			isa = PBXContainerItemProxy;
			containerPortal = 38036F442A5F240600EAF990 /* Project object */;
			proxyType = 1;
			remoteGlobalIDString = 38036F4B2A5F240600EAF990;
			remoteInfo = YapeChallenge;
		};
		38036F672A5F240600EAF990 /* PBXContainerItemProxy */ = {
			isa = PBXContainerItemProxy;
			containerPortal = 38036F442A5F240600EAF990 /* Project object */;
			proxyType = 1;
			remoteGlobalIDString = 38036F4B2A5F240600EAF990;
			remoteInfo = YapeChallenge;
		};
/* End PBXContainerItemProxy section */

/* Begin PBXFileReference section */
		38036F4C2A5F240600EAF990 /* YapeChallenge.app */ = {isa = PBXFileReference; explicitFileType = wrapper.application; includeInIndex = 0; path = YapeChallenge.app; sourceTree = BUILT_PRODUCTS_DIR; };
		38036F4F2A5F240600EAF990 /* YapeChallengeApp.swift */ = {isa = PBXFileReference; lastKnownFileType = sourcecode.swift; path = YapeChallengeApp.swift; sourceTree = "<group>"; };
		38036F532A5F240600EAF990 /* Assets.xcassets */ = {isa = PBXFileReference; lastKnownFileType = folder.assetcatalog; path = Assets.xcassets; sourceTree = "<group>"; };
		38036F562A5F240600EAF990 /* Preview Assets.xcassets */ = {isa = PBXFileReference; lastKnownFileType = folder.assetcatalog; path = "Preview Assets.xcassets"; sourceTree = "<group>"; };
		38036F5C2A5F240600EAF990 /* YapeChallengeTests.xctest */ = {isa = PBXFileReference; explicitFileType = wrapper.cfbundle; includeInIndex = 0; path = YapeChallengeTests.xctest; sourceTree = BUILT_PRODUCTS_DIR; };
		38036F662A5F240600EAF990 /* YapeChallengeUITests.xctest */ = {isa = PBXFileReference; explicitFileType = wrapper.cfbundle; includeInIndex = 0; path = YapeChallengeUITests.xctest; sourceTree = BUILT_PRODUCTS_DIR; };
		38036F6A2A5F240600EAF990 /* YapeChallengeUITests.swift */ = {isa = PBXFileReference; lastKnownFileType = sourcecode.swift; path = YapeChallengeUITests.swift; sourceTree = "<group>"; };
		38036F6C2A5F240600EAF990 /* YapeChallengeUITestsLaunchTests.swift */ = {isa = PBXFileReference; lastKnownFileType = sourcecode.swift; path = YapeChallengeUITestsLaunchTests.swift; sourceTree = "<group>"; };
		38036F7E2A60362A00EAF990 /* NetworkManager.swift */ = {isa = PBXFileReference; fileEncoding = 4; lastKnownFileType = sourcecode.swift; path = NetworkManager.swift; sourceTree = "<group>"; };
		38036F7F2A60362B00EAF990 /* ApiPath.swift */ = {isa = PBXFileReference; fileEncoding = 4; lastKnownFileType = sourcecode.swift; path = ApiPath.swift; sourceTree = "<group>"; };
		38036F822A60369A00EAF990 /* Constants.swift */ = {isa = PBXFileReference; lastKnownFileType = sourcecode.swift; path = Constants.swift; sourceTree = "<group>"; };
		38036F842A6036C900EAF990 /* HomeView.swift */ = {isa = PBXFileReference; lastKnownFileType = sourcecode.swift; path = HomeView.swift; sourceTree = "<group>"; };
		38036F862A6036F400EAF990 /* HomeViewModel.swift */ = {isa = PBXFileReference; lastKnownFileType = sourcecode.swift; path = HomeViewModel.swift; sourceTree = "<group>"; };
		38036F892A6038D500EAF990 /* RecipeItem.swift */ = {isa = PBXFileReference; lastKnownFileType = sourcecode.swift; path = RecipeItem.swift; sourceTree = "<group>"; };
		38036F8B2A6056DE00EAF990 /* DetailView.swift */ = {isa = PBXFileReference; lastKnownFileType = sourcecode.swift; path = DetailView.swift; sourceTree = "<group>"; };
		38036F8D2A60DB3B00EAF990 /* MapView.swift */ = {isa = PBXFileReference; lastKnownFileType = sourcecode.swift; path = MapView.swift; sourceTree = "<group>"; };
		38036F8F2A60DEC500EAF990 /* DetailViewModel.swift */ = {isa = PBXFileReference; lastKnownFileType = sourcecode.swift; path = DetailViewModel.swift; sourceTree = "<group>"; };
		38036F912A60E0F600EAF990 /* ImagesResponse.swift */ = {isa = PBXFileReference; lastKnownFileType = sourcecode.swift; path = ImagesResponse.swift; sourceTree = "<group>"; };
		38036F942A60F03900EAF990 /* capitals.json */ = {isa = PBXFileReference; fileEncoding = 4; lastKnownFileType = text.json; path = capitals.json; sourceTree = "<group>"; };
		38036F962A60F06400EAF990 /* GeoCapitals.swift */ = {isa = PBXFileReference; lastKnownFileType = sourcecode.swift; path = GeoCapitals.swift; sourceTree = "<group>"; };
		38036F982A60F3E400EAF990 /* JsonHelper.swift */ = {isa = PBXFileReference; lastKnownFileType = sourcecode.swift; path = JsonHelper.swift; sourceTree = "<group>"; };
		38036F9A2A60F42A00EAF990 /* MapViewModel.swift */ = {isa = PBXFileReference; lastKnownFileType = sourcecode.swift; path = MapViewModel.swift; sourceTree = "<group>"; };
		38036F9D2A60F74700EAF990 /* CustomMapView.swift */ = {isa = PBXFileReference; lastKnownFileType = sourcecode.swift; path = CustomMapView.swift; sourceTree = "<group>"; };
		38036F9F2A6195DE00EAF990 /* Launch Screen.storyboard */ = {isa = PBXFileReference; lastKnownFileType = file.storyboard; path = "Launch Screen.storyboard"; sourceTree = "<group>"; };
		38036FA12A61A9BB00EAF990 /* RecipeListTest.swift */ = {isa = PBXFileReference; lastKnownFileType = sourcecode.swift; path = RecipeListTest.swift; sourceTree = "<group>"; };
		3892B4482BC96F38063BBE4E /* Pods-YapeChallengeTests.debug.xcconfig */ = {isa = PBXFileReference; includeInIndex = 1; lastKnownFileType = text.xcconfig; name = "Pods-YapeChallengeTests.debug.xcconfig"; path = "Target Support Files/Pods-YapeChallengeTests/Pods-YapeChallengeTests.debug.xcconfig"; sourceTree = "<group>"; };
		38B4CB272A61B31200325B4C /* RecipeDetailTest.swift */ = {isa = PBXFileReference; lastKnownFileType = sourcecode.swift; path = RecipeDetailTest.swift; sourceTree = "<group>"; };
		3CEA967DE15120BF3AEA4A52 /* Pods-YapeChallenge.release.xcconfig */ = {isa = PBXFileReference; includeInIndex = 1; lastKnownFileType = text.xcconfig; name = "Pods-YapeChallenge.release.xcconfig"; path = "Target Support Files/Pods-YapeChallenge/Pods-YapeChallenge.release.xcconfig"; sourceTree = "<group>"; };
		57728C9C18F409A2AE228859 /* Pods_YapeChallengeTests.framework */ = {isa = PBXFileReference; explicitFileType = wrapper.framework; includeInIndex = 0; path = Pods_YapeChallengeTests.framework; sourceTree = BUILT_PRODUCTS_DIR; };
		70748571167F7585C93E43BD /* Pods-YapeChallengeTests.release.xcconfig */ = {isa = PBXFileReference; includeInIndex = 1; lastKnownFileType = text.xcconfig; name = "Pods-YapeChallengeTests.release.xcconfig"; path = "Target Support Files/Pods-YapeChallengeTests/Pods-YapeChallengeTests.release.xcconfig"; sourceTree = "<group>"; };
		797E22DE059BC599559666E1 /* Pods_YapeChallenge.framework */ = {isa = PBXFileReference; explicitFileType = wrapper.framework; includeInIndex = 0; path = Pods_YapeChallenge.framework; sourceTree = BUILT_PRODUCTS_DIR; };
		8AC5F3CE5D598EDA2A91B07F /* Pods-YapeChallenge-YapeChallengeUITests.debug.xcconfig */ = {isa = PBXFileReference; includeInIndex = 1; lastKnownFileType = text.xcconfig; name = "Pods-YapeChallenge-YapeChallengeUITests.debug.xcconfig"; path = "Target Support Files/Pods-YapeChallenge-YapeChallengeUITests/Pods-YapeChallenge-YapeChallengeUITests.debug.xcconfig"; sourceTree = "<group>"; };
		8E7A8E656D973ADD71D1BB41 /* Pods-YapeChallenge-YapeChallengeUITests.release.xcconfig */ = {isa = PBXFileReference; includeInIndex = 1; lastKnownFileType = text.xcconfig; name = "Pods-YapeChallenge-YapeChallengeUITests.release.xcconfig"; path = "Target Support Files/Pods-YapeChallenge-YapeChallengeUITests/Pods-YapeChallenge-YapeChallengeUITests.release.xcconfig"; sourceTree = "<group>"; };
		AB41FC701BCD53C5D6A0D089 /* Pods-YapeChallenge.debug.xcconfig */ = {isa = PBXFileReference; includeInIndex = 1; lastKnownFileType = text.xcconfig; name = "Pods-YapeChallenge.debug.xcconfig"; path = "Target Support Files/Pods-YapeChallenge/Pods-YapeChallenge.debug.xcconfig"; sourceTree = "<group>"; };
		DF6A5E918237235CC5492459 /* Pods_YapeChallenge_YapeChallengeUITests.framework */ = {isa = PBXFileReference; explicitFileType = wrapper.framework; includeInIndex = 0; path = Pods_YapeChallenge_YapeChallengeUITests.framework; sourceTree = BUILT_PRODUCTS_DIR; };
/* End PBXFileReference section */

/* Begin PBXFrameworksBuildPhase section */
		38036F492A5F240600EAF990 /* Frameworks */ = {
			isa = PBXFrameworksBuildPhase;
			buildActionMask = 2147483647;
			files = (
				ADAEF98C056646DD30972001 /* Pods_YapeChallenge.framework in Frameworks */,
			);
			runOnlyForDeploymentPostprocessing = 0;
		};
		38036F592A5F240600EAF990 /* Frameworks */ = {
			isa = PBXFrameworksBuildPhase;
			buildActionMask = 2147483647;
			files = (
				93637DB5691F65131897FDD2 /* Pods_YapeChallengeTests.framework in Frameworks */,
			);
			runOnlyForDeploymentPostprocessing = 0;
		};
		38036F632A5F240600EAF990 /* Frameworks */ = {
			isa = PBXFrameworksBuildPhase;
			buildActionMask = 2147483647;
			files = (
				6B80B254916620130A7CD9AA /* Pods_YapeChallenge_YapeChallengeUITests.framework in Frameworks */,
			);
			runOnlyForDeploymentPostprocessing = 0;
		};
/* End PBXFrameworksBuildPhase section */

/* Begin PBXGroup section */
		38036F432A5F240600EAF990 = {
			isa = PBXGroup;
			children = (
				38036F4E2A5F240600EAF990 /* YapeChallenge */,
				38036F5F2A5F240600EAF990 /* YapeChallengeTests */,
				38036F692A5F240600EAF990 /* YapeChallengeUITests */,
				38036F4D2A5F240600EAF990 /* Products */,
				7D32F4CAEE2EC2CD24A31124 /* Pods */,
				95742F510C64BA910023750C /* Frameworks */,
			);
			sourceTree = "<group>";
		};
		38036F4D2A5F240600EAF990 /* Products */ = {
			isa = PBXGroup;
			children = (
				38036F4C2A5F240600EAF990 /* YapeChallenge.app */,
				38036F5C2A5F240600EAF990 /* YapeChallengeTests.xctest */,
				38036F662A5F240600EAF990 /* YapeChallengeUITests.xctest */,
			);
			name = Products;
			sourceTree = "<group>";
		};
		38036F4E2A5F240600EAF990 /* YapeChallenge */ = {
			isa = PBXGroup;
			children = (
				38036F7C2A6035F000EAF990 /* Common */,
				38036F792A6035B900EAF990 /* Model */,
				38036F552A5F240600EAF990 /* Preview Content */,
				38036F932A60F02E00EAF990 /* Resources */,
				38036F7B2A6035C900EAF990 /* View */,
				38036F7A2A6035C000EAF990 /* ViewModel */,
				38036F9C2A60F73300EAF990 /* Widgets */,
				38036F9F2A6195DE00EAF990 /* Launch Screen.storyboard */,
				38036F4F2A5F240600EAF990 /* YapeChallengeApp.swift */,
				38036F532A5F240600EAF990 /* Assets.xcassets */,
			);
			path = YapeChallenge;
			sourceTree = "<group>";
		};
		38036F552A5F240600EAF990 /* Preview Content */ = {
			isa = PBXGroup;
			children = (
				38036F562A5F240600EAF990 /* Preview Assets.xcassets */,
			);
			path = "Preview Content";
			sourceTree = "<group>";
		};
		38036F5F2A5F240600EAF990 /* YapeChallengeTests */ = {
			isa = PBXGroup;
			children = (
				38036FA12A61A9BB00EAF990 /* RecipeListTest.swift */,
				38B4CB272A61B31200325B4C /* RecipeDetailTest.swift */,
			);
			path = YapeChallengeTests;
			sourceTree = "<group>";
		};
		38036F692A5F240600EAF990 /* YapeChallengeUITests */ = {
			isa = PBXGroup;
			children = (
				38036F6A2A5F240600EAF990 /* YapeChallengeUITests.swift */,
				38036F6C2A5F240600EAF990 /* YapeChallengeUITestsLaunchTests.swift */,
			);
			path = YapeChallengeUITests;
			sourceTree = "<group>";
		};
		38036F792A6035B900EAF990 /* Model */ = {
			isa = PBXGroup;
			children = (
				38036F882A6038C200EAF990 /* Response */,
				38036F962A60F06400EAF990 /* GeoCapitals.swift */,
			);
			path = Model;
			sourceTree = "<group>";
		};
		38036F7A2A6035C000EAF990 /* ViewModel */ = {
			isa = PBXGroup;
			children = (
				38036F862A6036F400EAF990 /* HomeViewModel.swift */,
				38036F8F2A60DEC500EAF990 /* DetailViewModel.swift */,
				38036F9A2A60F42A00EAF990 /* MapViewModel.swift */,
			);
			path = ViewModel;
			sourceTree = "<group>";
		};
		38036F7B2A6035C900EAF990 /* View */ = {
			isa = PBXGroup;
			children = (
				38036F842A6036C900EAF990 /* HomeView.swift */,
				38036F8B2A6056DE00EAF990 /* DetailView.swift */,
				38036F8D2A60DB3B00EAF990 /* MapView.swift */,
			);
			path = View;
			sourceTree = "<group>";
		};
		38036F7C2A6035F000EAF990 /* Common */ = {
			isa = PBXGroup;
			children = (
				38036F7D2A6035F700EAF990 /* Networking */,
				38036F822A60369A00EAF990 /* Constants.swift */,
				38036F982A60F3E400EAF990 /* JsonHelper.swift */,
			);
			path = Common;
			sourceTree = "<group>";
		};
		38036F7D2A6035F700EAF990 /* Networking */ = {
			isa = PBXGroup;
			children = (
				38036F7F2A60362B00EAF990 /* ApiPath.swift */,
				38036F7E2A60362A00EAF990 /* NetworkManager.swift */,
			);
			path = Networking;
			sourceTree = "<group>";
		};
		38036F882A6038C200EAF990 /* Response */ = {
			isa = PBXGroup;
			children = (
				38036F892A6038D500EAF990 /* RecipeItem.swift */,
				38036F912A60E0F600EAF990 /* ImagesResponse.swift */,
			);
			path = Response;
			sourceTree = "<group>";
		};
		38036F932A60F02E00EAF990 /* Resources */ = {
			isa = PBXGroup;
			children = (
				38036F942A60F03900EAF990 /* capitals.json */,
			);
			path = Resources;
			sourceTree = "<group>";
		};
		38036F9C2A60F73300EAF990 /* Widgets */ = {
			isa = PBXGroup;
			children = (
				38036F9D2A60F74700EAF990 /* CustomMapView.swift */,
			);
			path = Widgets;
			sourceTree = "<group>";
		};
		7D32F4CAEE2EC2CD24A31124 /* Pods */ = {
			isa = PBXGroup;
			children = (
				AB41FC701BCD53C5D6A0D089 /* Pods-YapeChallenge.debug.xcconfig */,
				3CEA967DE15120BF3AEA4A52 /* Pods-YapeChallenge.release.xcconfig */,
				8AC5F3CE5D598EDA2A91B07F /* Pods-YapeChallenge-YapeChallengeUITests.debug.xcconfig */,
				8E7A8E656D973ADD71D1BB41 /* Pods-YapeChallenge-YapeChallengeUITests.release.xcconfig */,
				3892B4482BC96F38063BBE4E /* Pods-YapeChallengeTests.debug.xcconfig */,
				70748571167F7585C93E43BD /* Pods-YapeChallengeTests.release.xcconfig */,
			);
			path = Pods;
			sourceTree = "<group>";
		};
		95742F510C64BA910023750C /* Frameworks */ = {
			isa = PBXGroup;
			children = (
				797E22DE059BC599559666E1 /* Pods_YapeChallenge.framework */,
				DF6A5E918237235CC5492459 /* Pods_YapeChallenge_YapeChallengeUITests.framework */,
				57728C9C18F409A2AE228859 /* Pods_YapeChallengeTests.framework */,
			);
			name = Frameworks;
			sourceTree = "<group>";
		};
/* End PBXGroup section */

/* Begin PBXNativeTarget section */
		38036F4B2A5F240600EAF990 /* YapeChallenge */ = {
			isa = PBXNativeTarget;
			buildConfigurationList = 38036F702A5F240600EAF990 /* Build configuration list for PBXNativeTarget "YapeChallenge" */;
			buildPhases = (
				EE132298DA88FE3BC9785852 /* [CP] Check Pods Manifest.lock */,
				38036F482A5F240600EAF990 /* Sources */,
				38036F492A5F240600EAF990 /* Frameworks */,
				38036F4A2A5F240600EAF990 /* Resources */,
				BB2451B54453C98ECC6006F6 /* [CP] Copy Pods Resources */,
			);
			buildRules = (
			);
			dependencies = (
			);
			name = YapeChallenge;
			productName = YapeChallenge;
			productReference = 38036F4C2A5F240600EAF990 /* YapeChallenge.app */;
			productType = "com.apple.product-type.application";
		};
		38036F5B2A5F240600EAF990 /* YapeChallengeTests */ = {
			isa = PBXNativeTarget;
			buildConfigurationList = 38036F732A5F240600EAF990 /* Build configuration list for PBXNativeTarget "YapeChallengeTests" */;
			buildPhases = (
				000BDCE63E5E76280C675E99 /* [CP] Check Pods Manifest.lock */,
				38036F582A5F240600EAF990 /* Sources */,
				38036F592A5F240600EAF990 /* Frameworks */,
				38036F5A2A5F240600EAF990 /* Resources */,
			);
			buildRules = (
			);
			dependencies = (
				38036F5E2A5F240600EAF990 /* PBXTargetDependency */,
			);
			name = YapeChallengeTests;
			productName = YapeChallengeTests;
			productReference = 38036F5C2A5F240600EAF990 /* YapeChallengeTests.xctest */;
			productType = "com.apple.product-type.bundle.unit-test";
		};
		38036F652A5F240600EAF990 /* YapeChallengeUITests */ = {
			isa = PBXNativeTarget;
			buildConfigurationList = 38036F762A5F240600EAF990 /* Build configuration list for PBXNativeTarget "YapeChallengeUITests" */;
			buildPhases = (
				F8C06A5450561177D72FC245 /* [CP] Check Pods Manifest.lock */,
				38036F622A5F240600EAF990 /* Sources */,
				38036F632A5F240600EAF990 /* Frameworks */,
				38036F642A5F240600EAF990 /* Resources */,
				FB26521C8562FBBFA6823CCF /* [CP] Copy Pods Resources */,
			);
			buildRules = (
			);
			dependencies = (
				38036F682A5F240600EAF990 /* PBXTargetDependency */,
			);
			name = YapeChallengeUITests;
			productName = YapeChallengeUITests;
			productReference = 38036F662A5F240600EAF990 /* YapeChallengeUITests.xctest */;
			productType = "com.apple.product-type.bundle.ui-testing";
		};
/* End PBXNativeTarget section */

/* Begin PBXProject section */
		38036F442A5F240600EAF990 /* Project object */ = {
			isa = PBXProject;
			attributes = {
				BuildIndependentTargetsInParallel = 1;
				LastSwiftUpdateCheck = 1430;
				LastUpgradeCheck = 1430;
				TargetAttributes = {
					38036F4B2A5F240600EAF990 = {
						CreatedOnToolsVersion = 14.3.1;
					};
					38036F5B2A5F240600EAF990 = {
						CreatedOnToolsVersion = 14.3.1;
						TestTargetID = 38036F4B2A5F240600EAF990;
					};
					38036F652A5F240600EAF990 = {
						CreatedOnToolsVersion = 14.3.1;
						TestTargetID = 38036F4B2A5F240600EAF990;
					};
				};
			};
			buildConfigurationList = 38036F472A5F240600EAF990 /* Build configuration list for PBXProject "YapeChallenge" */;
			compatibilityVersion = "Xcode 14.0";
			developmentRegion = en;
			hasScannedForEncodings = 0;
			knownRegions = (
				en,
				Base,
			);
			mainGroup = 38036F432A5F240600EAF990;
			productRefGroup = 38036F4D2A5F240600EAF990 /* Products */;
			projectDirPath = "";
			projectRoot = "";
			targets = (
				38036F4B2A5F240600EAF990 /* YapeChallenge */,
				38036F5B2A5F240600EAF990 /* YapeChallengeTests */,
				38036F652A5F240600EAF990 /* YapeChallengeUITests */,
			);
		};
/* End PBXProject section */

/* Begin PBXResourcesBuildPhase section */
		38036F4A2A5F240600EAF990 /* Resources */ = {
			isa = PBXResourcesBuildPhase;
			buildActionMask = 2147483647;
			files = (
				38036F952A60F03900EAF990 /* capitals.json in Resources */,
				38036F572A5F240600EAF990 /* Preview Assets.xcassets in Resources */,
				38036FA02A6195DE00EAF990 /* Launch Screen.storyboard in Resources */,
				38036F542A5F240600EAF990 /* Assets.xcassets in Resources */,
			);
			runOnlyForDeploymentPostprocessing = 0;
		};
		38036F5A2A5F240600EAF990 /* Resources */ = {
			isa = PBXResourcesBuildPhase;
			buildActionMask = 2147483647;
			files = (
			);
			runOnlyForDeploymentPostprocessing = 0;
		};
		38036F642A5F240600EAF990 /* Resources */ = {
			isa = PBXResourcesBuildPhase;
			buildActionMask = 2147483647;
			files = (
			);
			runOnlyForDeploymentPostprocessing = 0;
		};
/* End PBXResourcesBuildPhase section */

/* Begin PBXShellScriptBuildPhase section */
		000BDCE63E5E76280C675E99 /* [CP] Check Pods Manifest.lock */ = {
			isa = PBXShellScriptBuildPhase;
			buildActionMask = 2147483647;
			files = (
			);
			inputFileListPaths = (
			);
			inputPaths = (
				"${PODS_PODFILE_DIR_PATH}/Podfile.lock",
				"${PODS_ROOT}/Manifest.lock",
			);
			name = "[CP] Check Pods Manifest.lock";
			outputFileListPaths = (
			);
			outputPaths = (
				"$(DERIVED_FILE_DIR)/Pods-YapeChallengeTests-checkManifestLockResult.txt",
			);
			runOnlyForDeploymentPostprocessing = 0;
			shellPath = /bin/sh;
			shellScript = "diff \"${PODS_PODFILE_DIR_PATH}/Podfile.lock\" \"${PODS_ROOT}/Manifest.lock\" > /dev/null\nif [ $? != 0 ] ; then\n    # print error to STDERR\n    echo \"error: The sandbox is not in sync with the Podfile.lock. Run 'pod install' or update your CocoaPods installation.\" >&2\n    exit 1\nfi\n# This output is used by Xcode 'outputs' to avoid re-running this script phase.\necho \"SUCCESS\" > \"${SCRIPT_OUTPUT_FILE_0}\"\n";
			showEnvVarsInLog = 0;
		};
		BB2451B54453C98ECC6006F6 /* [CP] Copy Pods Resources */ = {
			isa = PBXShellScriptBuildPhase;
			buildActionMask = 2147483647;
			files = (
			);
			inputFileListPaths = (
				"${PODS_ROOT}/Target Support Files/Pods-YapeChallenge/Pods-YapeChallenge-resources-${CONFIGURATION}-input-files.xcfilelist",
			);
			name = "[CP] Copy Pods Resources";
			outputFileListPaths = (
				"${PODS_ROOT}/Target Support Files/Pods-YapeChallenge/Pods-YapeChallenge-resources-${CONFIGURATION}-output-files.xcfilelist",
			);
			runOnlyForDeploymentPostprocessing = 0;
			shellPath = /bin/sh;
			shellScript = "\"${PODS_ROOT}/Target Support Files/Pods-YapeChallenge/Pods-YapeChallenge-resources.sh\"\n";
			showEnvVarsInLog = 0;
		};
		EE132298DA88FE3BC9785852 /* [CP] Check Pods Manifest.lock */ = {
			isa = PBXShellScriptBuildPhase;
			buildActionMask = 2147483647;
			files = (
			);
			inputFileListPaths = (
			);
			inputPaths = (
				"${PODS_PODFILE_DIR_PATH}/Podfile.lock",
				"${PODS_ROOT}/Manifest.lock",
			);
			name = "[CP] Check Pods Manifest.lock";
			outputFileListPaths = (
			);
			outputPaths = (
				"$(DERIVED_FILE_DIR)/Pods-YapeChallenge-checkManifestLockResult.txt",
			);
			runOnlyForDeploymentPostprocessing = 0;
			shellPath = /bin/sh;
			shellScript = "diff \"${PODS_PODFILE_DIR_PATH}/Podfile.lock\" \"${PODS_ROOT}/Manifest.lock\" > /dev/null\nif [ $? != 0 ] ; then\n    # print error to STDERR\n    echo \"error: The sandbox is not in sync with the Podfile.lock. Run 'pod install' or update your CocoaPods installation.\" >&2\n    exit 1\nfi\n# This output is used by Xcode 'outputs' to avoid re-running this script phase.\necho \"SUCCESS\" > \"${SCRIPT_OUTPUT_FILE_0}\"\n";
			showEnvVarsInLog = 0;
		};
		F8C06A5450561177D72FC245 /* [CP] Check Pods Manifest.lock */ = {
			isa = PBXShellScriptBuildPhase;
			buildActionMask = 2147483647;
			files = (
			);
			inputFileListPaths = (
			);
			inputPaths = (
				"${PODS_PODFILE_DIR_PATH}/Podfile.lock",
				"${PODS_ROOT}/Manifest.lock",
			);
			name = "[CP] Check Pods Manifest.lock";
			outputFileListPaths = (
			);
			outputPaths = (
				"$(DERIVED_FILE_DIR)/Pods-YapeChallenge-YapeChallengeUITests-checkManifestLockResult.txt",
			);
			runOnlyForDeploymentPostprocessing = 0;
			shellPath = /bin/sh;
			shellScript = "diff \"${PODS_PODFILE_DIR_PATH}/Podfile.lock\" \"${PODS_ROOT}/Manifest.lock\" > /dev/null\nif [ $? != 0 ] ; then\n    # print error to STDERR\n    echo \"error: The sandbox is not in sync with the Podfile.lock. Run 'pod install' or update your CocoaPods installation.\" >&2\n    exit 1\nfi\n# This output is used by Xcode 'outputs' to avoid re-running this script phase.\necho \"SUCCESS\" > \"${SCRIPT_OUTPUT_FILE_0}\"\n";
			showEnvVarsInLog = 0;
		};
		FB26521C8562FBBFA6823CCF /* [CP] Copy Pods Resources */ = {
			isa = PBXShellScriptBuildPhase;
			buildActionMask = 2147483647;
			files = (
			);
			inputFileListPaths = (
				"${PODS_ROOT}/Target Support Files/Pods-YapeChallenge-YapeChallengeUITests/Pods-YapeChallenge-YapeChallengeUITests-resources-${CONFIGURATION}-input-files.xcfilelist",
			);
			name = "[CP] Copy Pods Resources";
			outputFileListPaths = (
				"${PODS_ROOT}/Target Support Files/Pods-YapeChallenge-YapeChallengeUITests/Pods-YapeChallenge-YapeChallengeUITests-resources-${CONFIGURATION}-output-files.xcfilelist",
			);
			runOnlyForDeploymentPostprocessing = 0;
			shellPath = /bin/sh;
			shellScript = "\"${PODS_ROOT}/Target Support Files/Pods-YapeChallenge-YapeChallengeUITests/Pods-YapeChallenge-YapeChallengeUITests-resources.sh\"\n";
			showEnvVarsInLog = 0;
		};
/* End PBXShellScriptBuildPhase section */

/* Begin PBXSourcesBuildPhase section */
		38036F482A5F240600EAF990 /* Sources */ = {
			isa = PBXSourcesBuildPhase;
			buildActionMask = 2147483647;
			files = (
				38036F832A60369A00EAF990 /* Constants.swift in Sources */,
				38036F922A60E0F600EAF990 /* ImagesResponse.swift in Sources */,
				38036F8C2A6056DE00EAF990 /* DetailView.swift in Sources */,
				38036F992A60F3E400EAF990 /* JsonHelper.swift in Sources */,
				38036F802A60362B00EAF990 /* NetworkManager.swift in Sources */,
				38036F902A60DEC500EAF990 /* DetailViewModel.swift in Sources */,
				38036F872A6036F400EAF990 /* HomeViewModel.swift in Sources */,
				38036F8A2A6038D500EAF990 /* RecipeItem.swift in Sources */,
				38036F852A6036C900EAF990 /* HomeView.swift in Sources */,
				38036F9E2A60F74700EAF990 /* CustomMapView.swift in Sources */,
				38036F502A5F240600EAF990 /* YapeChallengeApp.swift in Sources */,
				38036F8E2A60DB3B00EAF990 /* MapView.swift in Sources */,
				38036F9B2A60F42A00EAF990 /* MapViewModel.swift in Sources */,
				38036F972A60F06400EAF990 /* GeoCapitals.swift in Sources */,
				38036F812A60362B00EAF990 /* ApiPath.swift in Sources */,
			);
			runOnlyForDeploymentPostprocessing = 0;
		};
		38036F582A5F240600EAF990 /* Sources */ = {
			isa = PBXSourcesBuildPhase;
			buildActionMask = 2147483647;
			files = (
				38B4CB282A61B31200325B4C /* RecipeDetailTest.swift in Sources */,
				38036FA22A61A9BB00EAF990 /* RecipeListTest.swift in Sources */,
			);
			runOnlyForDeploymentPostprocessing = 0;
		};
		38036F622A5F240600EAF990 /* Sources */ = {
			isa = PBXSourcesBuildPhase;
			buildActionMask = 2147483647;
			files = (
				38036F6B2A5F240600EAF990 /* YapeChallengeUITests.swift in Sources */,
				38036F6D2A5F240600EAF990 /* YapeChallengeUITestsLaunchTests.swift in Sources */,
			);
			runOnlyForDeploymentPostprocessing = 0;
		};
/* End PBXSourcesBuildPhase section */

/* Begin PBXTargetDependency section */
		38036F5E2A5F240600EAF990 /* PBXTargetDependency */ = {
			isa = PBXTargetDependency;
			target = 38036F4B2A5F240600EAF990 /* YapeChallenge */;
			targetProxy = 38036F5D2A5F240600EAF990 /* PBXContainerItemProxy */;
		};
		38036F682A5F240600EAF990 /* PBXTargetDependency */ = {
			isa = PBXTargetDependency;
			target = 38036F4B2A5F240600EAF990 /* YapeChallenge */;
			targetProxy = 38036F672A5F240600EAF990 /* PBXContainerItemProxy */;
		};
/* End PBXTargetDependency section */

/* Begin XCBuildConfiguration section */
		38036F6E2A5F240600EAF990 /* Debug */ = {
			isa = XCBuildConfiguration;
			buildSettings = {
				ALWAYS_SEARCH_USER_PATHS = NO;
				CLANG_ANALYZER_NONNULL = YES;
				CLANG_ANALYZER_NUMBER_OBJECT_CONVERSION = YES_AGGRESSIVE;
				CLANG_CXX_LANGUAGE_STANDARD = "gnu++20";
				CLANG_ENABLE_MODULES = YES;
				CLANG_ENABLE_OBJC_ARC = YES;
				CLANG_ENABLE_OBJC_WEAK = YES;
				CLANG_WARN_BLOCK_CAPTURE_AUTORELEASING = YES;
				CLANG_WARN_BOOL_CONVERSION = YES;
				CLANG_WARN_COMMA = YES;
				CLANG_WARN_CONSTANT_CONVERSION = YES;
				CLANG_WARN_DEPRECATED_OBJC_IMPLEMENTATIONS = YES;
				CLANG_WARN_DIRECT_OBJC_ISA_USAGE = YES_ERROR;
				CLANG_WARN_DOCUMENTATION_COMMENTS = YES;
				CLANG_WARN_EMPTY_BODY = YES;
				CLANG_WARN_ENUM_CONVERSION = YES;
				CLANG_WARN_INFINITE_RECURSION = YES;
				CLANG_WARN_INT_CONVERSION = YES;
				CLANG_WARN_NON_LITERAL_NULL_CONVERSION = YES;
				CLANG_WARN_OBJC_IMPLICIT_RETAIN_SELF = YES;
				CLANG_WARN_OBJC_LITERAL_CONVERSION = YES;
				CLANG_WARN_OBJC_ROOT_CLASS = YES_ERROR;
				CLANG_WARN_QUOTED_INCLUDE_IN_FRAMEWORK_HEADER = YES;
				CLANG_WARN_RANGE_LOOP_ANALYSIS = YES;
				CLANG_WARN_STRICT_PROTOTYPES = YES;
				CLANG_WARN_SUSPICIOUS_MOVE = YES;
				CLANG_WARN_UNGUARDED_AVAILABILITY = YES_AGGRESSIVE;
				CLANG_WARN_UNREACHABLE_CODE = YES;
				CLANG_WARN__DUPLICATE_METHOD_MATCH = YES;
				COPY_PHASE_STRIP = NO;
				DEBUG_INFORMATION_FORMAT = dwarf;
				ENABLE_STRICT_OBJC_MSGSEND = YES;
				ENABLE_TESTABILITY = YES;
				GCC_C_LANGUAGE_STANDARD = gnu11;
				GCC_DYNAMIC_NO_PIC = NO;
				GCC_NO_COMMON_BLOCKS = YES;
				GCC_OPTIMIZATION_LEVEL = 0;
				GCC_PREPROCESSOR_DEFINITIONS = (
					"DEBUG=1",
					"$(inherited)",
				);
				GCC_WARN_64_TO_32_BIT_CONVERSION = YES;
				GCC_WARN_ABOUT_RETURN_TYPE = YES_ERROR;
				GCC_WARN_UNDECLARED_SELECTOR = YES;
				GCC_WARN_UNINITIALIZED_AUTOS = YES_AGGRESSIVE;
				GCC_WARN_UNUSED_FUNCTION = YES;
				GCC_WARN_UNUSED_VARIABLE = YES;
				IPHONEOS_DEPLOYMENT_TARGET = 16.4;
				MTL_ENABLE_DEBUG_INFO = INCLUDE_SOURCE;
				MTL_FAST_MATH = YES;
				ONLY_ACTIVE_ARCH = YES;
				SDKROOT = iphoneos;
				SWIFT_ACTIVE_COMPILATION_CONDITIONS = DEBUG;
				SWIFT_OPTIMIZATION_LEVEL = "-Onone";
			};
			name = Debug;
		};
		38036F6F2A5F240600EAF990 /* Release */ = {
			isa = XCBuildConfiguration;
			buildSettings = {
				ALWAYS_SEARCH_USER_PATHS = NO;
				CLANG_ANALYZER_NONNULL = YES;
				CLANG_ANALYZER_NUMBER_OBJECT_CONVERSION = YES_AGGRESSIVE;
				CLANG_CXX_LANGUAGE_STANDARD = "gnu++20";
				CLANG_ENABLE_MODULES = YES;
				CLANG_ENABLE_OBJC_ARC = YES;
				CLANG_ENABLE_OBJC_WEAK = YES;
				CLANG_WARN_BLOCK_CAPTURE_AUTORELEASING = YES;
				CLANG_WARN_BOOL_CONVERSION = YES;
				CLANG_WARN_COMMA = YES;
				CLANG_WARN_CONSTANT_CONVERSION = YES;
				CLANG_WARN_DEPRECATED_OBJC_IMPLEMENTATIONS = YES;
				CLANG_WARN_DIRECT_OBJC_ISA_USAGE = YES_ERROR;
				CLANG_WARN_DOCUMENTATION_COMMENTS = YES;
				CLANG_WARN_EMPTY_BODY = YES;
				CLANG_WARN_ENUM_CONVERSION = YES;
				CLANG_WARN_INFINITE_RECURSION = YES;
				CLANG_WARN_INT_CONVERSION = YES;
				CLANG_WARN_NON_LITERAL_NULL_CONVERSION = YES;
				CLANG_WARN_OBJC_IMPLICIT_RETAIN_SELF = YES;
				CLANG_WARN_OBJC_LITERAL_CONVERSION = YES;
				CLANG_WARN_OBJC_ROOT_CLASS = YES_ERROR;
				CLANG_WARN_QUOTED_INCLUDE_IN_FRAMEWORK_HEADER = YES;
				CLANG_WARN_RANGE_LOOP_ANALYSIS = YES;
				CLANG_WARN_STRICT_PROTOTYPES = YES;
				CLANG_WARN_SUSPICIOUS_MOVE = YES;
				CLANG_WARN_UNGUARDED_AVAILABILITY = YES_AGGRESSIVE;
				CLANG_WARN_UNREACHABLE_CODE = YES;
				CLANG_WARN__DUPLICATE_METHOD_MATCH = YES;
				COPY_PHASE_STRIP = NO;
				DEBUG_INFORMATION_FORMAT = "dwarf-with-dsym";
				ENABLE_NS_ASSERTIONS = NO;
				ENABLE_STRICT_OBJC_MSGSEND = YES;
				GCC_C_LANGUAGE_STANDARD = gnu11;
				GCC_NO_COMMON_BLOCKS = YES;
				GCC_WARN_64_TO_32_BIT_CONVERSION = YES;
				GCC_WARN_ABOUT_RETURN_TYPE = YES_ERROR;
				GCC_WARN_UNDECLARED_SELECTOR = YES;
				GCC_WARN_UNINITIALIZED_AUTOS = YES_AGGRESSIVE;
				GCC_WARN_UNUSED_FUNCTION = YES;
				GCC_WARN_UNUSED_VARIABLE = YES;
				IPHONEOS_DEPLOYMENT_TARGET = 16.4;
				MTL_ENABLE_DEBUG_INFO = NO;
				MTL_FAST_MATH = YES;
				SDKROOT = iphoneos;
				SWIFT_COMPILATION_MODE = wholemodule;
				SWIFT_OPTIMIZATION_LEVEL = "-O";
				VALIDATE_PRODUCT = YES;
			};
			name = Release;
		};
		38036F712A5F240600EAF990 /* Debug */ = {
			isa = XCBuildConfiguration;
			baseConfigurationReference = AB41FC701BCD53C5D6A0D089 /* Pods-YapeChallenge.debug.xcconfig */;
			buildSettings = {
				ASSETCATALOG_COMPILER_APPICON_NAME = AppIcon;
				ASSETCATALOG_COMPILER_GLOBAL_ACCENT_COLOR_NAME = AccentColor;
				CODE_SIGN_STYLE = Automatic;
				CURRENT_PROJECT_VERSION = 1;
				DEVELOPMENT_ASSET_PATHS = "\"YapeChallenge/Preview Content\"";
				ENABLE_PREVIEWS = YES;
				GENERATE_INFOPLIST_FILE = YES;
				INFOPLIST_KEY_UIApplicationSceneManifest_Generation = YES;
				INFOPLIST_KEY_UIApplicationSupportsIndirectInputEvents = YES;
				INFOPLIST_KEY_UILaunchScreen_Generation = YES;
				INFOPLIST_KEY_UILaunchStoryboardName = "Launch Screen.storyboard";
				INFOPLIST_KEY_UISupportedInterfaceOrientations = UIInterfaceOrientationPortrait;
				INFOPLIST_KEY_UISupportedInterfaceOrientations_iPad = "UIInterfaceOrientationLandscapeLeft UIInterfaceOrientationLandscapeRight UIInterfaceOrientationPortrait UIInterfaceOrientationPortraitUpsideDown";
				LD_RUNPATH_SEARCH_PATHS = (
					"$(inherited)",
					"@executable_path/Frameworks",
				);
				MARKETING_VERSION = 1.0;
				PRODUCT_BUNDLE_IDENTIFIER = test.YapeChallenge;
				PRODUCT_NAME = "$(TARGET_NAME)";
				SUPPORTED_PLATFORMS = "iphoneos iphonesimulator";
				SUPPORTS_MACCATALYST = NO;
				SUPPORTS_MAC_DESIGNED_FOR_IPHONE_IPAD = NO;
				SWIFT_EMIT_LOC_STRINGS = YES;
				SWIFT_VERSION = 5.0;
				TARGETED_DEVICE_FAMILY = 1;
			};
			name = Debug;
		};
		38036F722A5F240600EAF990 /* Release */ = {
			isa = XCBuildConfiguration;
			baseConfigurationReference = 3CEA967DE15120BF3AEA4A52 /* Pods-YapeChallenge.release.xcconfig */;
			buildSettings = {
				ASSETCATALOG_COMPILER_APPICON_NAME = AppIcon;
				ASSETCATALOG_COMPILER_GLOBAL_ACCENT_COLOR_NAME = AccentColor;
				CODE_SIGN_STYLE = Automatic;
				CURRENT_PROJECT_VERSION = 1;
				DEVELOPMENT_ASSET_PATHS = "\"YapeChallenge/Preview Content\"";
				ENABLE_PREVIEWS = YES;
				GENERATE_INFOPLIST_FILE = YES;
				INFOPLIST_KEY_UIApplicationSceneManifest_Generation = YES;
				INFOPLIST_KEY_UIApplicationSupportsIndirectInputEvents = YES;
				INFOPLIST_KEY_UILaunchScreen_Generation = YES;
				INFOPLIST_KEY_UILaunchStoryboardName = "Launch Screen.storyboard";
				INFOPLIST_KEY_UISupportedInterfaceOrientations = UIInterfaceOrientationPortrait;
				INFOPLIST_KEY_UISupportedInterfaceOrientations_iPad = "UIInterfaceOrientationLandscapeLeft UIInterfaceOrientationLandscapeRight UIInterfaceOrientationPortrait UIInterfaceOrientationPortraitUpsideDown";
				LD_RUNPATH_SEARCH_PATHS = (
					"$(inherited)",
					"@executable_path/Frameworks",
				);
				MARKETING_VERSION = 1.0;
				PRODUCT_BUNDLE_IDENTIFIER = test.YapeChallenge;
				PRODUCT_NAME = "$(TARGET_NAME)";
				SUPPORTED_PLATFORMS = "iphoneos iphonesimulator";
				SUPPORTS_MACCATALYST = NO;
				SUPPORTS_MAC_DESIGNED_FOR_IPHONE_IPAD = NO;
				SWIFT_EMIT_LOC_STRINGS = YES;
				SWIFT_VERSION = 5.0;
				TARGETED_DEVICE_FAMILY = 1;
			};
			name = Release;
		};
		38036F742A5F240600EAF990 /* Debug */ = {
			isa = XCBuildConfiguration;
			baseConfigurationReference = 3892B4482BC96F38063BBE4E /* Pods-YapeChallengeTests.debug.xcconfig */;
			buildSettings = {
				ALWAYS_EMBED_SWIFT_STANDARD_LIBRARIES = YES;
				BUNDLE_LOADER = "$(TEST_HOST)";
				CODE_SIGN_STYLE = Automatic;
				CURRENT_PROJECT_VERSION = 1;
				GENERATE_INFOPLIST_FILE = YES;
				IPHONEOS_DEPLOYMENT_TARGET = 16.4;
				MARKETING_VERSION = 1.0;
				PRODUCT_BUNDLE_IDENTIFIER = test.YapeChallengeTests;
				PRODUCT_NAME = "$(TARGET_NAME)";
				SWIFT_EMIT_LOC_STRINGS = NO;
				SWIFT_VERSION = 5.0;
				TARGETED_DEVICE_FAMILY = "1,2";
				TEST_HOST = "$(BUILT_PRODUCTS_DIR)/YapeChallenge.app/$(BUNDLE_EXECUTABLE_FOLDER_PATH)/YapeChallenge";
			};
			name = Debug;
		};
		38036F752A5F240600EAF990 /* Release */ = {
			isa = XCBuildConfiguration;
			baseConfigurationReference = 70748571167F7585C93E43BD /* Pods-YapeChallengeTests.release.xcconfig */;
			buildSettings = {
				ALWAYS_EMBED_SWIFT_STANDARD_LIBRARIES = YES;
				BUNDLE_LOADER = "$(TEST_HOST)";
				CODE_SIGN_STYLE = Automatic;
				CURRENT_PROJECT_VERSION = 1;
				GENERATE_INFOPLIST_FILE = YES;
				IPHONEOS_DEPLOYMENT_TARGET = 16.4;
				MARKETING_VERSION = 1.0;
				PRODUCT_BUNDLE_IDENTIFIER = test.YapeChallengeTests;
				PRODUCT_NAME = "$(TARGET_NAME)";
				SWIFT_EMIT_LOC_STRINGS = NO;
				SWIFT_VERSION = 5.0;
				TARGETED_DEVICE_FAMILY = "1,2";
				TEST_HOST = "$(BUILT_PRODUCTS_DIR)/YapeChallenge.app/$(BUNDLE_EXECUTABLE_FOLDER_PATH)/YapeChallenge";
			};
			name = Release;
		};
		38036F772A5F240600EAF990 /* Debug */ = {
			isa = XCBuildConfiguration;
			baseConfigurationReference = 8AC5F3CE5D598EDA2A91B07F /* Pods-YapeChallenge-YapeChallengeUITests.debug.xcconfig */;
			buildSettings = {
				ALWAYS_EMBED_SWIFT_STANDARD_LIBRARIES = YES;
				CODE_SIGN_STYLE = Automatic;
				CURRENT_PROJECT_VERSION = 1;
				GENERATE_INFOPLIST_FILE = YES;
				MARKETING_VERSION = 1.0;
				PRODUCT_BUNDLE_IDENTIFIER = test.YapeChallengeUITests;
				PRODUCT_NAME = "$(TARGET_NAME)";
				SWIFT_EMIT_LOC_STRINGS = NO;
				SWIFT_VERSION = 5.0;
				TARGETED_DEVICE_FAMILY = "1,2";
				TEST_TARGET_NAME = YapeChallenge;
			};
			name = Debug;
		};
		38036F782A5F240600EAF990 /* Release */ = {
			isa = XCBuildConfiguration;
			baseConfigurationReference = 8E7A8E656D973ADD71D1BB41 /* Pods-YapeChallenge-YapeChallengeUITests.release.xcconfig */;
			buildSettings = {
				ALWAYS_EMBED_SWIFT_STANDARD_LIBRARIES = YES;
				CODE_SIGN_STYLE = Automatic;
				CURRENT_PROJECT_VERSION = 1;
				GENERATE_INFOPLIST_FILE = YES;
				MARKETING_VERSION = 1.0;
				PRODUCT_BUNDLE_IDENTIFIER = test.YapeChallengeUITests;
				PRODUCT_NAME = "$(TARGET_NAME)";
				SWIFT_EMIT_LOC_STRINGS = NO;
				SWIFT_VERSION = 5.0;
				TARGETED_DEVICE_FAMILY = "1,2";
				TEST_TARGET_NAME = YapeChallenge;
			};
			name = Release;
		};
/* End XCBuildConfiguration section */

/* Begin XCConfigurationList section */
		38036F472A5F240600EAF990 /* Build configuration list for PBXProject "YapeChallenge" */ = {
			isa = XCConfigurationList;
			buildConfigurations = (
				38036F6E2A5F240600EAF990 /* Debug */,
				38036F6F2A5F240600EAF990 /* Release */,
			);
			defaultConfigurationIsVisible = 0;
			defaultConfigurationName = Release;
		};
		38036F702A5F240600EAF990 /* Build configuration list for PBXNativeTarget "YapeChallenge" */ = {
			isa = XCConfigurationList;
			buildConfigurations = (
				38036F712A5F240600EAF990 /* Debug */,
				38036F722A5F240600EAF990 /* Release */,
			);
			defaultConfigurationIsVisible = 0;
			defaultConfigurationName = Release;
		};
		38036F732A5F240600EAF990 /* Build configuration list for PBXNativeTarget "YapeChallengeTests" */ = {
			isa = XCConfigurationList;
			buildConfigurations = (
				38036F742A5F240600EAF990 /* Debug */,
				38036F752A5F240600EAF990 /* Release */,
			);
			defaultConfigurationIsVisible = 0;
			defaultConfigurationName = Release;
		};
		38036F762A5F240600EAF990 /* Build configuration list for PBXNativeTarget "YapeChallengeUITests" */ = {
			isa = XCConfigurationList;
			buildConfigurations = (
				38036F772A5F240600EAF990 /* Debug */,
				38036F782A5F240600EAF990 /* Release */,
			);
			defaultConfigurationIsVisible = 0;
			defaultConfigurationName = Release;
		};
/* End XCConfigurationList section */
	};
	rootObject = 38036F442A5F240600EAF990 /* Project object */;
}
